
Microsoft Visual Studio Solution File, Format Version 12.00
# Visual Studio Version 16
VisualStudioVersion = 16.0.29613.14
MinimumVisualStudioVersion = 10.0.40219.1
Project("{FAE04EC0-301F-11D3-BF4B-00C04F79EFBC}") = "bruhh", "bruhh\bruhh.csproj", "{8224B543-EE8E-4CC0-9C6C-035543A8F7F5}"
EndProject
Project("{2150E333-8FDC-42A3-9474-1A3956D46DE8}") = "Solution Items", "Solution Items", "{ECE28914-F6D5-408B-9EB2-D215298A3351}"
	ProjectSection(SolutionItems) = preProject
		.editorconfig = .editorconfig
	EndProjectSection
EndProject
Global
	GlobalSection(SolutionConfigurationPlatforms) = preSolution
		Debug|Any CPU = Debug|Any CPU
		Release|Any CPU = Release|Any CPU
	EndGlobalSection
	GlobalSection(ProjectConfigurationPlatforms) = postSolution
		{8224B543-EE8E-4CC0-9C6C-035543A8F7F5}.Debug|Any CPU.ActiveCfg = Debug|Any CPU
		{8224B543-EE8E-4CC0-9C6C-035543A8F7F5}.Debug|Any CPU.Build.0 = Debug|Any CPU
		{8224B543-EE8E-4CC0-9C6C-035543A8F7F5}.Release|Any CPU.ActiveCfg = Release|Any CPU
		{8224B543-EE8E-4CC0-9C6C-035543A8F7F5}.Release|Any CPU.Build.0 = Release|Any CPU
	EndGlobalSection
	GlobalSection(SolutionProperties) = preSolution
		HideSolutionNode = FALSE
	EndGlobalSection
	GlobalSection(ExtensibilityGlobals) = postSolution
		SolutionGuid = {C6C65EDC-5192-4946-A012-C2745A8C4C06}
	EndGlobalSection
EndGlobal
